
Microsoft Visual Studio Solution File, Format Version 12.00
# Visual Studio 14
VisualStudioVersion = 14.0.25420.1
MinimumVisualStudioVersion = 10.0.40219.1
Project("{FAE04EC0-301F-11D3-BF4B-00C04F79EFBC}") = "Fil_Rouge_ForumDLL", "Fil_Rouge_ForumDLL\Fil_Rouge_ForumDLL.csproj", "{62836890-4C97-485D-AD3B-CDEDAF5923BD}"
EndProject
Project("{FAE04EC0-301F-11D3-BF4B-00C04F79EFBC}") = "ConsoleTestForum", "ConsoleTestForum\ConsoleTestForum.csproj", "{A0FEFDE4-7EE8-4D13-94D1-EA32F50578D0}"
EndProject
Project("{FAE04EC0-301F-11D3-BF4B-00C04F79EFBC}") = "FormForum", "FormForum\FormForum.csproj", "{4ED0F03F-4F9B-44BA-8B63-47332A9FA236}"
EndProject
Global
	GlobalSection(SolutionConfigurationPlatforms) = preSolution
		Debug|Any CPU = Debug|Any CPU
		Release|Any CPU = Release|Any CPU
	EndGlobalSection
	GlobalSection(ProjectConfigurationPlatforms) = postSolution
		{62836890-4C97-485D-AD3B-CDEDAF5923BD}.Debug|Any CPU.ActiveCfg = Debug|Any CPU
		{62836890-4C97-485D-AD3B-CDEDAF5923BD}.Debug|Any CPU.Build.0 = Debug|Any CPU
		{62836890-4C97-485D-AD3B-CDEDAF5923BD}.Release|Any CPU.ActiveCfg = Release|Any CPU
		{62836890-4C97-485D-AD3B-CDEDAF5923BD}.Release|Any CPU.Build.0 = Release|Any CPU
		{A0FEFDE4-7EE8-4D13-94D1-EA32F50578D0}.Debug|Any CPU.ActiveCfg = Debug|Any CPU
		{A0FEFDE4-7EE8-4D13-94D1-EA32F50578D0}.Debug|Any CPU.Build.0 = Debug|Any CPU
		{A0FEFDE4-7EE8-4D13-94D1-EA32F50578D0}.Release|Any CPU.ActiveCfg = Release|Any CPU
		{A0FEFDE4-7EE8-4D13-94D1-EA32F50578D0}.Release|Any CPU.Build.0 = Release|Any CPU
		{4ED0F03F-4F9B-44BA-8B63-47332A9FA236}.Debug|Any CPU.ActiveCfg = Debug|Any CPU
		{4ED0F03F-4F9B-44BA-8B63-47332A9FA236}.Debug|Any CPU.Build.0 = Debug|Any CPU
		{4ED0F03F-4F9B-44BA-8B63-47332A9FA236}.Release|Any CPU.ActiveCfg = Release|Any CPU
		{4ED0F03F-4F9B-44BA-8B63-47332A9FA236}.Release|Any CPU.Build.0 = Release|Any CPU
	EndGlobalSection
	GlobalSection(SolutionProperties) = preSolution
		HideSolutionNode = FALSE
	EndGlobalSection
EndGlobal
